
Microsoft Visual Studio Solution File, Format Version 12.00
Project("{FAE04EC0-301F-11D3-BF4B-00C04F79EFBC}") = "Cleaner", "Cleaner\Cleaner.csproj", "{5F6F3EF8-6D60-42A6-B4ED-D90FB43E8561}"
EndProject
Global
	GlobalSection(SolutionConfigurationPlatforms) = preSolution
		Debug|Any CPU = Debug|Any CPU
		Release|Any CPU = Release|Any CPU
	EndGlobalSection
	GlobalSection(ProjectConfigurationPlatforms) = postSolution
		{5F6F3EF8-6D60-42A6-B4ED-D90FB43E8561}.Debug|Any CPU.ActiveCfg = Debug|Any CPU
		{5F6F3EF8-6D60-42A6-B4ED-D90FB43E8561}.Debug|Any CPU.Build.0 = Debug|Any CPU
		{5F6F3EF8-6D60-42A6-B4ED-D90FB43E8561}.Release|Any CPU.ActiveCfg = Release|Any CPU
		{5F6F3EF8-6D60-42A6-B4ED-D90FB43E8561}.Release|Any CPU.Build.0 = Release|Any CPU
	EndGlobalSection
EndGlobal
